
Microsoft Visual Studio Solution File, Format Version 12.00
# Visual Studio Version 16
VisualStudioVersion = 16.0.30309.148
MinimumVisualStudioVersion = 15.0.26124.0
Project("{9A19103F-16F7-4668-BE54-9A1E7A4F7556}") = "WiFiSurveyor.Tests", "Server.Tests\WiFiSurveyor.Tests.csproj", "{BE9DA4B9-D43D-455C-ADD8-5944E4C1A1AF}"
EndProject
Project("{9A19103F-16F7-4668-BE54-9A1E7A4F7556}") = "WiFiSurveyor", "Server\WiFiSurveyor.csproj", "{3CA84157-D35C-49D8-BF29-D1136E125E4C}"
EndProject
Global
	GlobalSection(SolutionConfigurationPlatforms) = preSolution
		Debug|Any CPU = Debug|Any CPU
		Debug|x64 = Debug|x64
		Debug|x86 = Debug|x86
		Release|Any CPU = Release|Any CPU
		Release|x64 = Release|x64
		Release|x86 = Release|x86
	EndGlobalSection
	GlobalSection(ProjectConfigurationPlatforms) = postSolution
		{BE9DA4B9-D43D-455C-ADD8-5944E4C1A1AF}.Debug|Any CPU.ActiveCfg = Debug|Any CPU
		{BE9DA4B9-D43D-455C-ADD8-5944E4C1A1AF}.Debug|Any CPU.Build.0 = Debug|Any CPU
		{BE9DA4B9-D43D-455C-ADD8-5944E4C1A1AF}.Debug|x64.ActiveCfg = Debug|Any CPU
		{BE9DA4B9-D43D-455C-ADD8-5944E4C1A1AF}.Debug|x64.Build.0 = Debug|Any CPU
		{BE9DA4B9-D43D-455C-ADD8-5944E4C1A1AF}.Debug|x86.ActiveCfg = Debug|Any CPU
		{BE9DA4B9-D43D-455C-ADD8-5944E4C1A1AF}.Debug|x86.Build.0 = Debug|Any CPU
		{BE9DA4B9-D43D-455C-ADD8-5944E4C1A1AF}.Release|Any CPU.ActiveCfg = Release|Any CPU
		{BE9DA4B9-D43D-455C-ADD8-5944E4C1A1AF}.Release|Any CPU.Build.0 = Release|Any CPU
		{BE9DA4B9-D43D-455C-ADD8-5944E4C1A1AF}.Release|x64.ActiveCfg = Release|Any CPU
		{BE9DA4B9-D43D-455C-ADD8-5944E4C1A1AF}.Release|x64.Build.0 = Release|Any CPU
		{BE9DA4B9-D43D-455C-ADD8-5944E4C1A1AF}.Release|x86.ActiveCfg = Release|Any CPU
		{BE9DA4B9-D43D-455C-ADD8-5944E4C1A1AF}.Release|x86.Build.0 = Release|Any CPU
		{3CA84157-D35C-49D8-BF29-D1136E125E4C}.Debug|Any CPU.ActiveCfg = Debug|Any CPU
		{3CA84157-D35C-49D8-BF29-D1136E125E4C}.Debug|Any CPU.Build.0 = Debug|Any CPU
		{3CA84157-D35C-49D8-BF29-D1136E125E4C}.Debug|x64.ActiveCfg = Debug|Any CPU
		{3CA84157-D35C-49D8-BF29-D1136E125E4C}.Debug|x64.Build.0 = Debug|Any CPU
		{3CA84157-D35C-49D8-BF29-D1136E125E4C}.Debug|x86.ActiveCfg = Debug|Any CPU
		{3CA84157-D35C-49D8-BF29-D1136E125E4C}.Debug|x86.Build.0 = Debug|Any CPU
		{3CA84157-D35C-49D8-BF29-D1136E125E4C}.Release|Any CPU.ActiveCfg = Release|Any CPU
		{3CA84157-D35C-49D8-BF29-D1136E125E4C}.Release|Any CPU.Build.0 = Release|Any CPU
		{3CA84157-D35C-49D8-BF29-D1136E125E4C}.Release|x64.ActiveCfg = Release|Any CPU
		{3CA84157-D35C-49D8-BF29-D1136E125E4C}.Release|x64.Build.0 = Release|Any CPU
		{3CA84157-D35C-49D8-BF29-D1136E125E4C}.Release|x86.ActiveCfg = Release|Any CPU
		{3CA84157-D35C-49D8-BF29-D1136E125E4C}.Release|x86.Build.0 = Release|Any CPU
	EndGlobalSection
	GlobalSection(SolutionProperties) = preSolution
		HideSolutionNode = FALSE
	EndGlobalSection
	GlobalSection(ExtensibilityGlobals) = postSolution
		SolutionGuid = {DF54E9AB-2181-4B69-ADE6-9529922646E3}
	EndGlobalSection
EndGlobal
