
Microsoft Visual Studio Solution File, Format Version 12.00
# Visual Studio Version 16
VisualStudioVersion = 16.0.30309.148
MinimumVisualStudioVersion = 15.0.26124.0
Project("{FAE04EC0-301F-11D3-BF4B-00C04F79EFBC}") = "Core", "Core\Core.csproj", "{32A1DEAC-739C-45CF-9610-F8802949CE7A}"
EndProject
Project("{FAE04EC0-301F-11D3-BF4B-00C04F79EFBC}") = "Core.Tests", "Core.Tests\Core.Tests.csproj", "{1BA8141D-4C31-4109-8C4F-F691B47C8939}"
EndProject
Project("{FAE04EC0-301F-11D3-BF4B-00C04F79EFBC}") = "Windows", "Windows\Windows.csproj", "{9ADF6A9D-682B-46D2-8708-E6F061C4D06E}"
EndProject
Project("{FAE04EC0-301F-11D3-BF4B-00C04F79EFBC}") = "Windows.Tests", "Windows.Tests\Windows.Tests.csproj", "{762D9455-9433-4243-BB5A-30F456B70B7F}"
EndProject
Project("{FAE04EC0-301F-11D3-BF4B-00C04F79EFBC}") = "Linux", "Linux\Linux.csproj", "{4162C6A4-0C05-4370-BFCD-D629D023B647}"
EndProject
Project("{FAE04EC0-301F-11D3-BF4B-00C04F79EFBC}") = "Linux.Tests", "Linux.Tests\Linux.Tests.csproj", "{331829F2-A6F6-4DB5-9CA9-33D2C2ADA668}"
EndProject
Project("{FAE04EC0-301F-11D3-BF4B-00C04F79EFBC}") = "Mac", "Mac\Mac.csproj", "{95EE03F0-8D38-4851-BCB7-332AC9D0EC4A}"
EndProject
Project("{FAE04EC0-301F-11D3-BF4B-00C04F79EFBC}") = "Mac.Tests", "Mac.Tests\Mac.Tests.csproj", "{D6C6BF3B-74A4-4A04-9056-FEB146A9E326}"
EndProject
Global
	GlobalSection(SolutionConfigurationPlatforms) = preSolution
		Debug|Any CPU = Debug|Any CPU
		Debug|x64 = Debug|x64
		Debug|x86 = Debug|x86
		Release|Any CPU = Release|Any CPU
		Release|x64 = Release|x64
		Release|x86 = Release|x86
	EndGlobalSection
	GlobalSection(ProjectConfigurationPlatforms) = postSolution
		{32A1DEAC-739C-45CF-9610-F8802949CE7A}.Debug|Any CPU.ActiveCfg = Debug|Any CPU
		{32A1DEAC-739C-45CF-9610-F8802949CE7A}.Debug|Any CPU.Build.0 = Debug|Any CPU
		{32A1DEAC-739C-45CF-9610-F8802949CE7A}.Debug|x64.ActiveCfg = Debug|Any CPU
		{32A1DEAC-739C-45CF-9610-F8802949CE7A}.Debug|x64.Build.0 = Debug|Any CPU
		{32A1DEAC-739C-45CF-9610-F8802949CE7A}.Debug|x86.ActiveCfg = Debug|Any CPU
		{32A1DEAC-739C-45CF-9610-F8802949CE7A}.Debug|x86.Build.0 = Debug|Any CPU
		{32A1DEAC-739C-45CF-9610-F8802949CE7A}.Release|Any CPU.ActiveCfg = Release|Any CPU
		{32A1DEAC-739C-45CF-9610-F8802949CE7A}.Release|Any CPU.Build.0 = Release|Any CPU
		{32A1DEAC-739C-45CF-9610-F8802949CE7A}.Release|x64.ActiveCfg = Release|Any CPU
		{32A1DEAC-739C-45CF-9610-F8802949CE7A}.Release|x64.Build.0 = Release|Any CPU
		{32A1DEAC-739C-45CF-9610-F8802949CE7A}.Release|x86.ActiveCfg = Release|Any CPU
		{32A1DEAC-739C-45CF-9610-F8802949CE7A}.Release|x86.Build.0 = Release|Any CPU
		{1BA8141D-4C31-4109-8C4F-F691B47C8939}.Debug|Any CPU.ActiveCfg = Debug|Any CPU
		{1BA8141D-4C31-4109-8C4F-F691B47C8939}.Debug|Any CPU.Build.0 = Debug|Any CPU
		{1BA8141D-4C31-4109-8C4F-F691B47C8939}.Debug|x64.ActiveCfg = Debug|Any CPU
		{1BA8141D-4C31-4109-8C4F-F691B47C8939}.Debug|x64.Build.0 = Debug|Any CPU
		{1BA8141D-4C31-4109-8C4F-F691B47C8939}.Debug|x86.ActiveCfg = Debug|Any CPU
		{1BA8141D-4C31-4109-8C4F-F691B47C8939}.Debug|x86.Build.0 = Debug|Any CPU
		{1BA8141D-4C31-4109-8C4F-F691B47C8939}.Release|Any CPU.ActiveCfg = Release|Any CPU
		{1BA8141D-4C31-4109-8C4F-F691B47C8939}.Release|Any CPU.Build.0 = Release|Any CPU
		{1BA8141D-4C31-4109-8C4F-F691B47C8939}.Release|x64.ActiveCfg = Release|Any CPU
		{1BA8141D-4C31-4109-8C4F-F691B47C8939}.Release|x64.Build.0 = Release|Any CPU
		{1BA8141D-4C31-4109-8C4F-F691B47C8939}.Release|x86.ActiveCfg = Release|Any CPU
		{1BA8141D-4C31-4109-8C4F-F691B47C8939}.Release|x86.Build.0 = Release|Any CPU
		{9ADF6A9D-682B-46D2-8708-E6F061C4D06E}.Debug|Any CPU.ActiveCfg = Debug|Any CPU
		{9ADF6A9D-682B-46D2-8708-E6F061C4D06E}.Debug|Any CPU.Build.0 = Debug|Any CPU
		{9ADF6A9D-682B-46D2-8708-E6F061C4D06E}.Debug|x64.ActiveCfg = Debug|Any CPU
		{9ADF6A9D-682B-46D2-8708-E6F061C4D06E}.Debug|x64.Build.0 = Debug|Any CPU
		{9ADF6A9D-682B-46D2-8708-E6F061C4D06E}.Debug|x86.ActiveCfg = Debug|Any CPU
		{9ADF6A9D-682B-46D2-8708-E6F061C4D06E}.Debug|x86.Build.0 = Debug|Any CPU
		{9ADF6A9D-682B-46D2-8708-E6F061C4D06E}.Release|Any CPU.ActiveCfg = Release|Any CPU
		{9ADF6A9D-682B-46D2-8708-E6F061C4D06E}.Release|Any CPU.Build.0 = Release|Any CPU
		{9ADF6A9D-682B-46D2-8708-E6F061C4D06E}.Release|x64.ActiveCfg = Release|Any CPU
		{9ADF6A9D-682B-46D2-8708-E6F061C4D06E}.Release|x64.Build.0 = Release|Any CPU
		{9ADF6A9D-682B-46D2-8708-E6F061C4D06E}.Release|x86.ActiveCfg = Release|Any CPU
		{9ADF6A9D-682B-46D2-8708-E6F061C4D06E}.Release|x86.Build.0 = Release|Any CPU
		{762D9455-9433-4243-BB5A-30F456B70B7F}.Debug|Any CPU.ActiveCfg = Debug|Any CPU
		{762D9455-9433-4243-BB5A-30F456B70B7F}.Debug|Any CPU.Build.0 = Debug|Any CPU
		{762D9455-9433-4243-BB5A-30F456B70B7F}.Debug|x64.ActiveCfg = Debug|Any CPU
		{762D9455-9433-4243-BB5A-30F456B70B7F}.Debug|x64.Build.0 = Debug|Any CPU
		{762D9455-9433-4243-BB5A-30F456B70B7F}.Debug|x86.ActiveCfg = Debug|Any CPU
		{762D9455-9433-4243-BB5A-30F456B70B7F}.Debug|x86.Build.0 = Debug|Any CPU
		{762D9455-9433-4243-BB5A-30F456B70B7F}.Release|Any CPU.ActiveCfg = Release|Any CPU
		{762D9455-9433-4243-BB5A-30F456B70B7F}.Release|Any CPU.Build.0 = Release|Any CPU
		{762D9455-9433-4243-BB5A-30F456B70B7F}.Release|x64.ActiveCfg = Release|Any CPU
		{762D9455-9433-4243-BB5A-30F456B70B7F}.Release|x64.Build.0 = Release|Any CPU
		{762D9455-9433-4243-BB5A-30F456B70B7F}.Release|x86.ActiveCfg = Release|Any CPU
		{762D9455-9433-4243-BB5A-30F456B70B7F}.Release|x86.Build.0 = Release|Any CPU
		{4162C6A4-0C05-4370-BFCD-D629D023B647}.Debug|Any CPU.ActiveCfg = Debug|Any CPU
		{4162C6A4-0C05-4370-BFCD-D629D023B647}.Debug|Any CPU.Build.0 = Debug|Any CPU
		{4162C6A4-0C05-4370-BFCD-D629D023B647}.Debug|x64.ActiveCfg = Debug|Any CPU
		{4162C6A4-0C05-4370-BFCD-D629D023B647}.Debug|x64.Build.0 = Debug|Any CPU
		{4162C6A4-0C05-4370-BFCD-D629D023B647}.Debug|x86.ActiveCfg = Debug|Any CPU
		{4162C6A4-0C05-4370-BFCD-D629D023B647}.Debug|x86.Build.0 = Debug|Any CPU
		{4162C6A4-0C05-4370-BFCD-D629D023B647}.Release|Any CPU.ActiveCfg = Release|Any CPU
		{4162C6A4-0C05-4370-BFCD-D629D023B647}.Release|Any CPU.Build.0 = Release|Any CPU
		{4162C6A4-0C05-4370-BFCD-D629D023B647}.Release|x64.ActiveCfg = Release|Any CPU
		{4162C6A4-0C05-4370-BFCD-D629D023B647}.Release|x64.Build.0 = Release|Any CPU
		{4162C6A4-0C05-4370-BFCD-D629D023B647}.Release|x86.ActiveCfg = Release|Any CPU
		{4162C6A4-0C05-4370-BFCD-D629D023B647}.Release|x86.Build.0 = Release|Any CPU
		{331829F2-A6F6-4DB5-9CA9-33D2C2ADA668}.Debug|Any CPU.ActiveCfg = Debug|Any CPU
		{331829F2-A6F6-4DB5-9CA9-33D2C2ADA668}.Debug|Any CPU.Build.0 = Debug|Any CPU
		{331829F2-A6F6-4DB5-9CA9-33D2C2ADA668}.Debug|x64.ActiveCfg = Debug|Any CPU
		{331829F2-A6F6-4DB5-9CA9-33D2C2ADA668}.Debug|x64.Build.0 = Debug|Any CPU
		{331829F2-A6F6-4DB5-9CA9-33D2C2ADA668}.Debug|x86.ActiveCfg = Debug|Any CPU
		{331829F2-A6F6-4DB5-9CA9-33D2C2ADA668}.Debug|x86.Build.0 = Debug|Any CPU
		{331829F2-A6F6-4DB5-9CA9-33D2C2ADA668}.Release|Any CPU.ActiveCfg = Release|Any CPU
		{331829F2-A6F6-4DB5-9CA9-33D2C2ADA668}.Release|Any CPU.Build.0 = Release|Any CPU
		{331829F2-A6F6-4DB5-9CA9-33D2C2ADA668}.Release|x64.ActiveCfg = Release|Any CPU
		{331829F2-A6F6-4DB5-9CA9-33D2C2ADA668}.Release|x64.Build.0 = Release|Any CPU
		{331829F2-A6F6-4DB5-9CA9-33D2C2ADA668}.Release|x86.ActiveCfg = Release|Any CPU
		{331829F2-A6F6-4DB5-9CA9-33D2C2ADA668}.Release|x86.Build.0 = Release|Any CPU
		{95EE03F0-8D38-4851-BCB7-332AC9D0EC4A}.Debug|Any CPU.ActiveCfg = Debug|Any CPU
		{95EE03F0-8D38-4851-BCB7-332AC9D0EC4A}.Debug|Any CPU.Build.0 = Debug|Any CPU
		{95EE03F0-8D38-4851-BCB7-332AC9D0EC4A}.Debug|x64.ActiveCfg = Debug|Any CPU
		{95EE03F0-8D38-4851-BCB7-332AC9D0EC4A}.Debug|x64.Build.0 = Debug|Any CPU
		{95EE03F0-8D38-4851-BCB7-332AC9D0EC4A}.Debug|x86.ActiveCfg = Debug|Any CPU
		{95EE03F0-8D38-4851-BCB7-332AC9D0EC4A}.Debug|x86.Build.0 = Debug|Any CPU
		{95EE03F0-8D38-4851-BCB7-332AC9D0EC4A}.Release|Any CPU.ActiveCfg = Release|Any CPU
		{95EE03F0-8D38-4851-BCB7-332AC9D0EC4A}.Release|Any CPU.Build.0 = Release|Any CPU
		{95EE03F0-8D38-4851-BCB7-332AC9D0EC4A}.Release|x64.ActiveCfg = Release|Any CPU
		{95EE03F0-8D38-4851-BCB7-332AC9D0EC4A}.Release|x64.Build.0 = Release|Any CPU
		{95EE03F0-8D38-4851-BCB7-332AC9D0EC4A}.Release|x86.ActiveCfg = Release|Any CPU
		{95EE03F0-8D38-4851-BCB7-332AC9D0EC4A}.Release|x86.Build.0 = Release|Any CPU
		{D6C6BF3B-74A4-4A04-9056-FEB146A9E326}.Debug|Any CPU.ActiveCfg = Debug|Any CPU
		{D6C6BF3B-74A4-4A04-9056-FEB146A9E326}.Debug|Any CPU.Build.0 = Debug|Any CPU
		{D6C6BF3B-74A4-4A04-9056-FEB146A9E326}.Debug|x64.ActiveCfg = Debug|Any CPU
		{D6C6BF3B-74A4-4A04-9056-FEB146A9E326}.Debug|x64.Build.0 = Debug|Any CPU
		{D6C6BF3B-74A4-4A04-9056-FEB146A9E326}.Debug|x86.ActiveCfg = Debug|Any CPU
		{D6C6BF3B-74A4-4A04-9056-FEB146A9E326}.Debug|x86.Build.0 = Debug|Any CPU
		{D6C6BF3B-74A4-4A04-9056-FEB146A9E326}.Release|Any CPU.ActiveCfg = Release|Any CPU
		{D6C6BF3B-74A4-4A04-9056-FEB146A9E326}.Release|Any CPU.Build.0 = Release|Any CPU
		{D6C6BF3B-74A4-4A04-9056-FEB146A9E326}.Release|x64.ActiveCfg = Release|Any CPU
		{D6C6BF3B-74A4-4A04-9056-FEB146A9E326}.Release|x64.Build.0 = Release|Any CPU
		{D6C6BF3B-74A4-4A04-9056-FEB146A9E326}.Release|x86.ActiveCfg = Release|Any CPU
		{D6C6BF3B-74A4-4A04-9056-FEB146A9E326}.Release|x86.Build.0 = Release|Any CPU
	EndGlobalSection
	GlobalSection(SolutionProperties) = preSolution
		HideSolutionNode = FALSE
	EndGlobalSection
	GlobalSection(ExtensibilityGlobals) = postSolution
		SolutionGuid = {DF54E9AB-2181-4B69-ADE6-9529922646E3}
	EndGlobalSection
EndGlobal
