
Microsoft Visual Studio Solution File, Format Version 12.00
# Visual Studio 15
VisualStudioVersion = 15.0.26124.0
MinimumVisualStudioVersion = 15.0.26124.0
Project("{FAE04EC0-301F-11D3-BF4B-00C04F79EFBC}") = "WiFiHeatMap", "src\WiFiHeatMap.csproj", "{9E91D8A7-2C50-43DD-95AE-CE0AAE8DF1AA}"
EndProject
Project("{FAE04EC0-301F-11D3-BF4B-00C04F79EFBC}") = "WiFiHeatMap.Tests", "test\WiFiHeatMap.Tests.csproj", "{CF0611A4-89D7-41CC-8DC2-126A859F828F}"
EndProject
Global
	GlobalSection(SolutionConfigurationPlatforms) = preSolution
		Debug|Any CPU = Debug|Any CPU
		Debug|x64 = Debug|x64
		Debug|x86 = Debug|x86
		Release|Any CPU = Release|Any CPU
		Release|x64 = Release|x64
		Release|x86 = Release|x86
	EndGlobalSection
	GlobalSection(SolutionProperties) = preSolution
		HideSolutionNode = FALSE
	EndGlobalSection
	GlobalSection(ProjectConfigurationPlatforms) = postSolution
		{9E91D8A7-2C50-43DD-95AE-CE0AAE8DF1AA}.Debug|Any CPU.ActiveCfg = Debug|Any CPU
		{9E91D8A7-2C50-43DD-95AE-CE0AAE8DF1AA}.Debug|Any CPU.Build.0 = Debug|Any CPU
		{9E91D8A7-2C50-43DD-95AE-CE0AAE8DF1AA}.Debug|x64.ActiveCfg = Debug|Any CPU
		{9E91D8A7-2C50-43DD-95AE-CE0AAE8DF1AA}.Debug|x64.Build.0 = Debug|Any CPU
		{9E91D8A7-2C50-43DD-95AE-CE0AAE8DF1AA}.Debug|x86.ActiveCfg = Debug|Any CPU
		{9E91D8A7-2C50-43DD-95AE-CE0AAE8DF1AA}.Debug|x86.Build.0 = Debug|Any CPU
		{9E91D8A7-2C50-43DD-95AE-CE0AAE8DF1AA}.Release|Any CPU.ActiveCfg = Release|Any CPU
		{9E91D8A7-2C50-43DD-95AE-CE0AAE8DF1AA}.Release|Any CPU.Build.0 = Release|Any CPU
		{9E91D8A7-2C50-43DD-95AE-CE0AAE8DF1AA}.Release|x64.ActiveCfg = Release|Any CPU
		{9E91D8A7-2C50-43DD-95AE-CE0AAE8DF1AA}.Release|x64.Build.0 = Release|Any CPU
		{9E91D8A7-2C50-43DD-95AE-CE0AAE8DF1AA}.Release|x86.ActiveCfg = Release|Any CPU
		{9E91D8A7-2C50-43DD-95AE-CE0AAE8DF1AA}.Release|x86.Build.0 = Release|Any CPU
		{CF0611A4-89D7-41CC-8DC2-126A859F828F}.Debug|Any CPU.ActiveCfg = Debug|Any CPU
		{CF0611A4-89D7-41CC-8DC2-126A859F828F}.Debug|Any CPU.Build.0 = Debug|Any CPU
		{CF0611A4-89D7-41CC-8DC2-126A859F828F}.Debug|x64.ActiveCfg = Debug|Any CPU
		{CF0611A4-89D7-41CC-8DC2-126A859F828F}.Debug|x64.Build.0 = Debug|Any CPU
		{CF0611A4-89D7-41CC-8DC2-126A859F828F}.Debug|x86.ActiveCfg = Debug|Any CPU
		{CF0611A4-89D7-41CC-8DC2-126A859F828F}.Debug|x86.Build.0 = Debug|Any CPU
		{CF0611A4-89D7-41CC-8DC2-126A859F828F}.Release|Any CPU.ActiveCfg = Release|Any CPU
		{CF0611A4-89D7-41CC-8DC2-126A859F828F}.Release|Any CPU.Build.0 = Release|Any CPU
		{CF0611A4-89D7-41CC-8DC2-126A859F828F}.Release|x64.ActiveCfg = Release|Any CPU
		{CF0611A4-89D7-41CC-8DC2-126A859F828F}.Release|x64.Build.0 = Release|Any CPU
		{CF0611A4-89D7-41CC-8DC2-126A859F828F}.Release|x86.ActiveCfg = Release|Any CPU
		{CF0611A4-89D7-41CC-8DC2-126A859F828F}.Release|x86.Build.0 = Release|Any CPU
	EndGlobalSection
EndGlobal
